
Microsoft Visual Studio Solution File, Format Version 12.00
# Visual Studio Version 17
VisualStudioVersion = 17.5.33530.505
MinimumVisualStudioVersion = 10.0.40219.1
Project("{FAE04EC0-301F-11D3-BF4B-00C04F79EFBC}") = "UsingCollections", "UsingCollections\UsingCollections.csproj", "{DD5FA0DF-976C-4BA6-A88C-47D89185B78E}"
EndProject
Project("{FAE04EC0-301F-11D3-BF4B-00C04F79EFBC}") = "LambdaExpression", "LambdaExpression\LambdaExpression.csproj", "{6EC46012-FDD7-4B6E-94AB-7058812E0432}"
EndProject
Project("{2150E333-8FDC-42A3-9474-1A3956D46DE8}") = "docs", "docs", "{8FAFBC3C-F90E-4B13-9442-1E9D07030C4A}"
	ProjectSection(SolutionItems) = preProject
		Course-CS-230517.pdf = Course-CS-230517.pdf
		Course-CS-230531-0607.pdf = Course-CS-230531-0607.pdf
	EndProjectSection
EndProject
Project("{FAE04EC0-301F-11D3-BF4B-00C04F79EFBC}") = "ObserverPattern", "ObserverPattern\ObserverPattern.csproj", "{69A1B194-DFBE-453E-9708-B15B76F20F05}"
EndProject
Project("{FAE04EC0-301F-11D3-BF4B-00C04F79EFBC}") = "ObserverPattern_ex_02", "ObserverPatter_ex_02\ObserverPattern_ex_02.csproj", "{AB845CC5-67E6-4AE3-AE44-AEC6DECA19CF}"
EndProject
Project("{FAE04EC0-301F-11D3-BF4B-00C04F79EFBC}") = "ObserverPattern_ex_03", "ObserverPatter_ex_03\ObserverPattern_ex_03.csproj", "{7340AD63-FF31-47E1-AD19-CD39777E7E25}"
EndProject
Project("{FAE04EC0-301F-11D3-BF4B-00C04F79EFBC}") = "DelegateAndEvent_ex01", "DelegateAneEvent_ex01\DelegateAndEvent_ex01.csproj", "{2C847758-2306-4F6F-B48F-E1D17C086419}"
EndProject
Project("{FAE04EC0-301F-11D3-BF4B-00C04F79EFBC}") = "DelegateAndEvent_ex02", "DelegateAndEvent_ex02\DelegateAndEvent_ex02.csproj", "{03CD7915-D10D-4E17-987A-D11D88D8D2CF}"
EndProject
Project("{FAE04EC0-301F-11D3-BF4B-00C04F79EFBC}") = "DelegateAndEvent_ex03", "DelegateAndEvent_ex03\DelegateAndEvent_ex03.csproj", "{8E0D9D65-4790-4CBB-85EA-DF22E0337CE6}"
EndProject
Project("{FAE04EC0-301F-11D3-BF4B-00C04F79EFBC}") = "DelegateAndEvent_ex04", "DelegateAndEvent_ex04\DelegateAndEvent_ex04.csproj", "{D184DB8A-E434-4315-A136-C9E744E21C2B}"
EndProject
Project("{FAE04EC0-301F-11D3-BF4B-00C04F79EFBC}") = "DelegateAndEvent_ex05", "DelegateAndEvent_ex05\DelegateAndEvent_ex05.csproj", "{5F5FF4D6-E308-4C56-B0CB-570F568D12BB}"
EndProject
Project("{FAE04EC0-301F-11D3-BF4B-00C04F79EFBC}") = "DelegateAndEvent_ex06", "DelgateAndEvent_ex06\DelegateAndEvent_ex06.csproj", "{AFE40F71-46C4-4B05-99F7-9B7422082567}"
EndProject
Project("{FAE04EC0-301F-11D3-BF4B-00C04F79EFBC}") = "ObserverPattern_ex04", "ObserverPattern_ex04\ObserverPattern_ex04.csproj", "{D56AEBBE-DD5F-4DC6-9F23-E2DFFE2EDC6A}"
EndProject
Project("{FAE04EC0-301F-11D3-BF4B-00C04F79EFBC}") = "ObserverPattern_ex05", "ObserverPattern_ex05\ObserverPattern_ex05.csproj", "{40393619-45DA-4B2C-A09A-DBD49E7E4B35}"
EndProject
Project("{FAE04EC0-301F-11D3-BF4B-00C04F79EFBC}") = "EventAndEventHandler_ex01", "EventAndEventHandler_ex01\EventAndEventHandler_ex01.csproj", "{93717302-AE0C-4A59-8245-D37A80453A5A}"
EndProject
Project("{FAE04EC0-301F-11D3-BF4B-00C04F79EFBC}") = "SimpleHttpServer", "G:\CodeHere\ReplacementTracker\SimpleHttpServer\SimpleHttpServer.csproj", "{DC109F86-A258-4819-8FC4-A5F53EBD1D95}"
EndProject
Project("{FAE04EC0-301F-11D3-BF4B-00C04F79EFBC}") = "SimpleTcpServer_2", "G:\CodeHere\ReplacementTracker\SimpleTcpServer_2\SimpleTcpServer_2.csproj", "{C5628F59-7D2A-44E4-8643-870DFB437B91}"
EndProject
Project("{FAE04EC0-301F-11D3-BF4B-00C04F79EFBC}") = "SimpleHttpClient", "G:\CodeHere\ReplacementTracker\SimpleHttpClient\SimpleHttpClient.csproj", "{55873B97-B168-46FD-A69D-82A07749DF04}"
EndProject
Project("{FAE04EC0-301F-11D3-BF4B-00C04F79EFBC}") = "SimpleTcpServer", "G:\CodeHere\ReplacementTracker\SimpleTcpServer\SimpleTcpServer.csproj", "{17887AD1-5547-4591-94A1-CA03CD512082}"
EndProject
Global
	GlobalSection(SolutionConfigurationPlatforms) = preSolution
		Debug|Any CPU = Debug|Any CPU
		Release|Any CPU = Release|Any CPU
	EndGlobalSection
	GlobalSection(ProjectConfigurationPlatforms) = postSolution
		{DD5FA0DF-976C-4BA6-A88C-47D89185B78E}.Debug|Any CPU.ActiveCfg = Debug|Any CPU
		{DD5FA0DF-976C-4BA6-A88C-47D89185B78E}.Debug|Any CPU.Build.0 = Debug|Any CPU
		{DD5FA0DF-976C-4BA6-A88C-47D89185B78E}.Release|Any CPU.ActiveCfg = Release|Any CPU
		{DD5FA0DF-976C-4BA6-A88C-47D89185B78E}.Release|Any CPU.Build.0 = Release|Any CPU
		{6EC46012-FDD7-4B6E-94AB-7058812E0432}.Debug|Any CPU.ActiveCfg = Debug|Any CPU
		{6EC46012-FDD7-4B6E-94AB-7058812E0432}.Debug|Any CPU.Build.0 = Debug|Any CPU
		{6EC46012-FDD7-4B6E-94AB-7058812E0432}.Release|Any CPU.ActiveCfg = Release|Any CPU
		{6EC46012-FDD7-4B6E-94AB-7058812E0432}.Release|Any CPU.Build.0 = Release|Any CPU
		{69A1B194-DFBE-453E-9708-B15B76F20F05}.Debug|Any CPU.ActiveCfg = Debug|Any CPU
		{69A1B194-DFBE-453E-9708-B15B76F20F05}.Debug|Any CPU.Build.0 = Debug|Any CPU
		{69A1B194-DFBE-453E-9708-B15B76F20F05}.Release|Any CPU.ActiveCfg = Release|Any CPU
		{69A1B194-DFBE-453E-9708-B15B76F20F05}.Release|Any CPU.Build.0 = Release|Any CPU
		{AB845CC5-67E6-4AE3-AE44-AEC6DECA19CF}.Debug|Any CPU.ActiveCfg = Debug|Any CPU
		{AB845CC5-67E6-4AE3-AE44-AEC6DECA19CF}.Debug|Any CPU.Build.0 = Debug|Any CPU
		{AB845CC5-67E6-4AE3-AE44-AEC6DECA19CF}.Release|Any CPU.ActiveCfg = Release|Any CPU
		{AB845CC5-67E6-4AE3-AE44-AEC6DECA19CF}.Release|Any CPU.Build.0 = Release|Any CPU
		{7340AD63-FF31-47E1-AD19-CD39777E7E25}.Debug|Any CPU.ActiveCfg = Debug|Any CPU
		{7340AD63-FF31-47E1-AD19-CD39777E7E25}.Debug|Any CPU.Build.0 = Debug|Any CPU
		{7340AD63-FF31-47E1-AD19-CD39777E7E25}.Release|Any CPU.ActiveCfg = Release|Any CPU
		{7340AD63-FF31-47E1-AD19-CD39777E7E25}.Release|Any CPU.Build.0 = Release|Any CPU
		{2C847758-2306-4F6F-B48F-E1D17C086419}.Debug|Any CPU.ActiveCfg = Debug|Any CPU
		{2C847758-2306-4F6F-B48F-E1D17C086419}.Debug|Any CPU.Build.0 = Debug|Any CPU
		{2C847758-2306-4F6F-B48F-E1D17C086419}.Release|Any CPU.ActiveCfg = Release|Any CPU
		{2C847758-2306-4F6F-B48F-E1D17C086419}.Release|Any CPU.Build.0 = Release|Any CPU
		{03CD7915-D10D-4E17-987A-D11D88D8D2CF}.Debug|Any CPU.ActiveCfg = Debug|Any CPU
		{03CD7915-D10D-4E17-987A-D11D88D8D2CF}.Debug|Any CPU.Build.0 = Debug|Any CPU
		{03CD7915-D10D-4E17-987A-D11D88D8D2CF}.Release|Any CPU.ActiveCfg = Release|Any CPU
		{03CD7915-D10D-4E17-987A-D11D88D8D2CF}.Release|Any CPU.Build.0 = Release|Any CPU
		{8E0D9D65-4790-4CBB-85EA-DF22E0337CE6}.Debug|Any CPU.ActiveCfg = Debug|Any CPU
		{8E0D9D65-4790-4CBB-85EA-DF22E0337CE6}.Debug|Any CPU.Build.0 = Debug|Any CPU
		{8E0D9D65-4790-4CBB-85EA-DF22E0337CE6}.Release|Any CPU.ActiveCfg = Release|Any CPU
		{8E0D9D65-4790-4CBB-85EA-DF22E0337CE6}.Release|Any CPU.Build.0 = Release|Any CPU
		{D184DB8A-E434-4315-A136-C9E744E21C2B}.Debug|Any CPU.ActiveCfg = Debug|Any CPU
		{D184DB8A-E434-4315-A136-C9E744E21C2B}.Debug|Any CPU.Build.0 = Debug|Any CPU
		{D184DB8A-E434-4315-A136-C9E744E21C2B}.Release|Any CPU.ActiveCfg = Release|Any CPU
		{D184DB8A-E434-4315-A136-C9E744E21C2B}.Release|Any CPU.Build.0 = Release|Any CPU
		{5F5FF4D6-E308-4C56-B0CB-570F568D12BB}.Debug|Any CPU.ActiveCfg = Debug|Any CPU
		{5F5FF4D6-E308-4C56-B0CB-570F568D12BB}.Debug|Any CPU.Build.0 = Debug|Any CPU
		{5F5FF4D6-E308-4C56-B0CB-570F568D12BB}.Release|Any CPU.ActiveCfg = Release|Any CPU
		{5F5FF4D6-E308-4C56-B0CB-570F568D12BB}.Release|Any CPU.Build.0 = Release|Any CPU
		{AFE40F71-46C4-4B05-99F7-9B7422082567}.Debug|Any CPU.ActiveCfg = Debug|Any CPU
		{AFE40F71-46C4-4B05-99F7-9B7422082567}.Debug|Any CPU.Build.0 = Debug|Any CPU
		{AFE40F71-46C4-4B05-99F7-9B7422082567}.Release|Any CPU.ActiveCfg = Release|Any CPU
		{AFE40F71-46C4-4B05-99F7-9B7422082567}.Release|Any CPU.Build.0 = Release|Any CPU
		{D56AEBBE-DD5F-4DC6-9F23-E2DFFE2EDC6A}.Debug|Any CPU.ActiveCfg = Debug|Any CPU
		{D56AEBBE-DD5F-4DC6-9F23-E2DFFE2EDC6A}.Debug|Any CPU.Build.0 = Debug|Any CPU
		{D56AEBBE-DD5F-4DC6-9F23-E2DFFE2EDC6A}.Release|Any CPU.ActiveCfg = Release|Any CPU
		{D56AEBBE-DD5F-4DC6-9F23-E2DFFE2EDC6A}.Release|Any CPU.Build.0 = Release|Any CPU
		{40393619-45DA-4B2C-A09A-DBD49E7E4B35}.Debug|Any CPU.ActiveCfg = Debug|Any CPU
		{40393619-45DA-4B2C-A09A-DBD49E7E4B35}.Debug|Any CPU.Build.0 = Debug|Any CPU
		{40393619-45DA-4B2C-A09A-DBD49E7E4B35}.Release|Any CPU.ActiveCfg = Release|Any CPU
		{40393619-45DA-4B2C-A09A-DBD49E7E4B35}.Release|Any CPU.Build.0 = Release|Any CPU
		{93717302-AE0C-4A59-8245-D37A80453A5A}.Debug|Any CPU.ActiveCfg = Debug|Any CPU
		{93717302-AE0C-4A59-8245-D37A80453A5A}.Debug|Any CPU.Build.0 = Debug|Any CPU
		{93717302-AE0C-4A59-8245-D37A80453A5A}.Release|Any CPU.ActiveCfg = Release|Any CPU
		{93717302-AE0C-4A59-8245-D37A80453A5A}.Release|Any CPU.Build.0 = Release|Any CPU
		{DC109F86-A258-4819-8FC4-A5F53EBD1D95}.Debug|Any CPU.ActiveCfg = Debug|Any CPU
		{DC109F86-A258-4819-8FC4-A5F53EBD1D95}.Debug|Any CPU.Build.0 = Debug|Any CPU
		{DC109F86-A258-4819-8FC4-A5F53EBD1D95}.Release|Any CPU.ActiveCfg = Release|Any CPU
		{DC109F86-A258-4819-8FC4-A5F53EBD1D95}.Release|Any CPU.Build.0 = Release|Any CPU
		{C5628F59-7D2A-44E4-8643-870DFB437B91}.Debug|Any CPU.ActiveCfg = Debug|Any CPU
		{C5628F59-7D2A-44E4-8643-870DFB437B91}.Debug|Any CPU.Build.0 = Debug|Any CPU
		{C5628F59-7D2A-44E4-8643-870DFB437B91}.Release|Any CPU.ActiveCfg = Release|Any CPU
		{C5628F59-7D2A-44E4-8643-870DFB437B91}.Release|Any CPU.Build.0 = Release|Any CPU
		{55873B97-B168-46FD-A69D-82A07749DF04}.Debug|Any CPU.ActiveCfg = Debug|Any CPU
		{55873B97-B168-46FD-A69D-82A07749DF04}.Debug|Any CPU.Build.0 = Debug|Any CPU
		{55873B97-B168-46FD-A69D-82A07749DF04}.Release|Any CPU.ActiveCfg = Release|Any CPU
		{55873B97-B168-46FD-A69D-82A07749DF04}.Release|Any CPU.Build.0 = Release|Any CPU
		{17887AD1-5547-4591-94A1-CA03CD512082}.Debug|Any CPU.ActiveCfg = Debug|Any CPU
		{17887AD1-5547-4591-94A1-CA03CD512082}.Debug|Any CPU.Build.0 = Debug|Any CPU
		{17887AD1-5547-4591-94A1-CA03CD512082}.Release|Any CPU.ActiveCfg = Release|Any CPU
		{17887AD1-5547-4591-94A1-CA03CD512082}.Release|Any CPU.Build.0 = Release|Any CPU
	EndGlobalSection
	GlobalSection(SolutionProperties) = preSolution
		HideSolutionNode = FALSE
	EndGlobalSection
	GlobalSection(ExtensibilityGlobals) = postSolution
		SolutionGuid = {0BECEBCC-E824-4D22-9CBA-684D7EBE63D7}
	EndGlobalSection
EndGlobal
